{
  "requires": true,
  "lockfileVersion": 1,
  "dependencies": {
    "bootstrap3-dialog": {
      "version": "1.35.4",
      "resolved": "https://registry.npmjs.org/bootstrap3-dialog/-/bootstrap3-dialog-1.35.4.tgz",
      "integrity": "sha1-BzI7VlTa5bZaxeokcahDfHCWTTw="
    },
    "es6-shim": {
      "version": "0.35.3",
      "resolved": "https://registry.npmjs.org/es6-shim/-/es6-shim-0.35.3.tgz",
      "integrity": "sha1-m/tzY/7//4emzbbNk+QF7DxLbyY="
    },
    "vue": {
      "version": "2.5.11",
      "resolved": "https://registry.npmjs.org/vue/-/vue-2.5.11.tgz",
      "integrity": "sha512-FZzUIvJa1jsFSfy6OITgjzoCtnxI8uHkewa2QCCCIgRj7ObsalXKLTf3S5sBP+kyusTctl3fKej+NHoBUCVPlA=="
    }
  }
}
